// !$*UTF8*$!
{
	archiveVersion = 1;
	classes = {
	};
	objectVersion = 55;
	objects = {

/* Begin PBXBuildFile section */
		0370BB3E1BF25502FF2B7961 /* Pods_ccdd.framework in Frameworks */ = {isa = PBXBuildFile; fileRef = 3DF8F86F56086A00081E0857 /* Pods_ccdd.framework */; };
		AD39391C273AE32F006A0CD5 /* SortController.swift in Sources */ = {isa = PBXBuildFile; fileRef = AD39391B273AE32E006A0CD5 /* SortController.swift */; };
		AD39391E273AEB6B006A0CD5 /* SortCell.swift in Sources */ = {isa = PBXBuildFile; fileRef = AD39391D273AEB6B006A0CD5 /* SortCell.swift */; };
		AD393920273AF021006A0CD5 /* SortedModel.swift in Sources */ = {isa = PBXBuildFile; fileRef = AD39391F273AF021006A0CD5 /* SortedModel.swift */; };
		AD393929273D88AE006A0CD5 /* ProfileController.swift in Sources */ = {isa = PBXBuildFile; fileRef = AD393928273D88AE006A0CD5 /* ProfileController.swift */; };
		AD39392B273D8AB3006A0CD5 /* ProfileInfoCell.swift in Sources */ = {isa = PBXBuildFile; fileRef = AD39392A273D8AB3006A0CD5 /* ProfileInfoCell.swift */; };
		AD39392D273D90EE006A0CD5 /* DetailInfoCell.swift in Sources */ = {isa = PBXBuildFile; fileRef = AD39392C273D90EE006A0CD5 /* DetailInfoCell.swift */; };
		ADB6AD1F27358863002F1C25 /* Contacts.swift in Sources */ = {isa = PBXBuildFile; fileRef = ADB6AD1E27358863002F1C25 /* Contacts.swift */; };
		ADB6AD2127358ECA002F1C25 /* ContactCell.swift in Sources */ = {isa = PBXBuildFile; fileRef = ADB6AD2027358ECA002F1C25 /* ContactCell.swift */; };
		ADB6AD23273592BB002F1C25 /* UIView+Layout.swift in Sources */ = {isa = PBXBuildFile; fileRef = ADB6AD22273592BB002F1C25 /* UIView+Layout.swift */; };
		ADD262252735570F00D8C0AD /* AppDelegate.swift in Sources */ = {isa = PBXBuildFile; fileRef = ADD262242735570F00D8C0AD /* AppDelegate.swift */; };
		ADD262272735570F00D8C0AD /* SceneDelegate.swift in Sources */ = {isa = PBXBuildFile; fileRef = ADD262262735570F00D8C0AD /* SceneDelegate.swift */; };
		ADD262292735570F00D8C0AD /* ContactsController.swift in Sources */ = {isa = PBXBuildFile; fileRef = ADD262282735570F00D8C0AD /* ContactsController.swift */; };
		ADD2622C2735570F00D8C0AD /* Main.storyboard in Resources */ = {isa = PBXBuildFile; fileRef = ADD2622A2735570F00D8C0AD /* Main.storyboard */; };
		ADD2622E2735571200D8C0AD /* Assets.xcassets in Resources */ = {isa = PBXBuildFile; fileRef = ADD2622D2735571200D8C0AD /* Assets.xcassets */; };
		ADD262312735571200D8C0AD /* LaunchScreen.storyboard in Resources */ = {isa = PBXBuildFile; fileRef = ADD2622F2735571200D8C0AD /* LaunchScreen.storyboard */; };
/* End PBXBuildFile section */

/* Begin PBXFileReference section */
		124897330E00C2E385C0D5D7 /* Pods-ccdd.debug.xcconfig */ = {isa = PBXFileReference; includeInIndex = 1; lastKnownFileType = text.xcconfig; name = "Pods-ccdd.debug.xcconfig"; path = "Target Support Files/Pods-ccdd/Pods-ccdd.debug.xcconfig"; sourceTree = "<group>"; };
		3DF8F86F56086A00081E0857 /* Pods_ccdd.framework */ = {isa = PBXFileReference; explicitFileType = wrapper.framework; includeInIndex = 0; path = Pods_ccdd.framework; sourceTree = BUILT_PRODUCTS_DIR; };
		AD39391B273AE32E006A0CD5 /* SortController.swift */ = {isa = PBXFileReference; lastKnownFileType = sourcecode.swift; path = SortController.swift; sourceTree = "<group>"; };
		AD39391D273AEB6B006A0CD5 /* SortCell.swift */ = {isa = PBXFileReference; lastKnownFileType = sourcecode.swift; path = SortCell.swift; sourceTree = "<group>"; };
		AD39391F273AF021006A0CD5 /* SortedModel.swift */ = {isa = PBXFileReference; lastKnownFileType = sourcecode.swift; path = SortedModel.swift; sourceTree = "<group>"; };
		AD393928273D88AE006A0CD5 /* ProfileController.swift */ = {isa = PBXFileReference; lastKnownFileType = sourcecode.swift; name = ProfileController.swift; path = /Users/zakirovtahir/Documents/GitHub/ccdd/ccdd/Controller/ProfileController.swift; sourceTree = "<absolute>"; };
		AD39392A273D8AB3006A0CD5 /* ProfileInfoCell.swift */ = {isa = PBXFileReference; lastKnownFileType = sourcecode.swift; path = ProfileInfoCell.swift; sourceTree = "<group>"; };
		AD39392C273D90EE006A0CD5 /* DetailInfoCell.swift */ = {isa = PBXFileReference; lastKnownFileType = sourcecode.swift; path = DetailInfoCell.swift; sourceTree = "<group>"; };
		ADB6AD1E27358863002F1C25 /* Contacts.swift */ = {isa = PBXFileReference; lastKnownFileType = sourcecode.swift; path = Contacts.swift; sourceTree = "<group>"; };
		ADB6AD2027358ECA002F1C25 /* ContactCell.swift */ = {isa = PBXFileReference; lastKnownFileType = sourcecode.swift; path = ContactCell.swift; sourceTree = "<group>"; };
		ADB6AD22273592BB002F1C25 /* UIView+Layout.swift */ = {isa = PBXFileReference; lastKnownFileType = sourcecode.swift; path = "UIView+Layout.swift"; sourceTree = "<group>"; };
		ADD262212735570F00D8C0AD /* ccdd.app */ = {isa = PBXFileReference; explicitFileType = wrapper.application; includeInIndex = 0; path = ccdd.app; sourceTree = BUILT_PRODUCTS_DIR; };
		ADD262242735570F00D8C0AD /* AppDelegate.swift */ = {isa = PBXFileReference; lastKnownFileType = sourcecode.swift; path = AppDelegate.swift; sourceTree = "<group>"; };
		ADD262262735570F00D8C0AD /* SceneDelegate.swift */ = {isa = PBXFileReference; lastKnownFileType = sourcecode.swift; path = SceneDelegate.swift; sourceTree = "<group>"; };
		ADD262282735570F00D8C0AD /* ContactsController.swift */ = {isa = PBXFileReference; lastKnownFileType = sourcecode.swift; path = ContactsController.swift; sourceTree = "<group>"; };
		ADD2622B2735570F00D8C0AD /* Base */ = {isa = PBXFileReference; lastKnownFileType = file.storyboard; name = Base; path = Base.lproj/Main.storyboard; sourceTree = "<group>"; };
		ADD2622D2735571200D8C0AD /* Assets.xcassets */ = {isa = PBXFileReference; lastKnownFileType = folder.assetcatalog; path = Assets.xcassets; sourceTree = "<group>"; };
		ADD262302735571200D8C0AD /* Base */ = {isa = PBXFileReference; lastKnownFileType = file.storyboard; name = Base; path = Base.lproj/LaunchScreen.storyboard; sourceTree = "<group>"; };
		ADD262322735571200D8C0AD /* Info.plist */ = {isa = PBXFileReference; lastKnownFileType = text.plist.xml; path = Info.plist; sourceTree = "<group>"; };
		D53F32141D84C55FEF4C5490 /* Pods-ccdd.release.xcconfig */ = {isa = PBXFileReference; includeInIndex = 1; lastKnownFileType = text.xcconfig; name = "Pods-ccdd.release.xcconfig"; path = "Target Support Files/Pods-ccdd/Pods-ccdd.release.xcconfig"; sourceTree = "<group>"; };
/* End PBXFileReference section */

/* Begin PBXFrameworksBuildPhase section */
		ADD2621E2735570E00D8C0AD /* Frameworks */ = {
			isa = PBXFrameworksBuildPhase;
			buildActionMask = 2147483647;
			files = (
				0370BB3E1BF25502FF2B7961 /* Pods_ccdd.framework in Frameworks */,
			);
			runOnlyForDeploymentPostprocessing = 0;
		};
/* End PBXFrameworksBuildPhase section */

/* Begin PBXGroup section */
		978D98F3D7DFEAE7F1A43809 /* Frameworks */ = {
			isa = PBXGroup;
			children = (
				3DF8F86F56086A00081E0857 /* Pods_ccdd.framework */,
			);
			name = Frameworks;
			sourceTree = "<group>";
		};
		AD393923273D87CF006A0CD5 /* Controller */ = {
			isa = PBXGroup;
			children = (
				AD393928273D88AE006A0CD5 /* ProfileController.swift */,
				ADD262282735570F00D8C0AD /* ContactsController.swift */,
				AD39391B273AE32E006A0CD5 /* SortController.swift */,
			);
			path = Controller;
			sourceTree = "<group>";
		};
		AD393924273D87E3006A0CD5 /* View */ = {
			isa = PBXGroup;
			children = (
				ADB6AD2027358ECA002F1C25 /* ContactCell.swift */,
				AD39391D273AEB6B006A0CD5 /* SortCell.swift */,
				AD39392A273D8AB3006A0CD5 /* ProfileInfoCell.swift */,
				AD39392C273D90EE006A0CD5 /* DetailInfoCell.swift */,
			);
			path = View;
			sourceTree = "<group>";
		};
		AD393925273D87EE006A0CD5 /* Model */ = {
			isa = PBXGroup;
			children = (
				AD39391F273AF021006A0CD5 /* SortedModel.swift */,
				ADB6AD1E27358863002F1C25 /* Contacts.swift */,
			);
			path = Model;
			sourceTree = "<group>";
		};
		AD393926273D87FB006A0CD5 /* Extensions */ = {
			isa = PBXGroup;
			children = (
				ADB6AD22273592BB002F1C25 /* UIView+Layout.swift */,
			);
			path = Extensions;
			sourceTree = "<group>";
		};
		AD393927273D880A006A0CD5 /* Resources */ = {
			isa = PBXGroup;
			children = (
				ADD2622A2735570F00D8C0AD /* Main.storyboard */,
				ADD2622D2735571200D8C0AD /* Assets.xcassets */,
				ADD2622F2735571200D8C0AD /* LaunchScreen.storyboard */,
			);
			path = Resources;
			sourceTree = "<group>";
		};
		ADD262182735570E00D8C0AD = {
			isa = PBXGroup;
			children = (
				ADD262232735570F00D8C0AD /* ccdd */,
				ADD262222735570F00D8C0AD /* Products */,
				C96CC3CF593A2C7189F3D9E0 /* Pods */,
				978D98F3D7DFEAE7F1A43809 /* Frameworks */,
			);
			sourceTree = "<group>";
		};
		ADD262222735570F00D8C0AD /* Products */ = {
			isa = PBXGroup;
			children = (
				ADD262212735570F00D8C0AD /* ccdd.app */,
			);
			name = Products;
			sourceTree = "<group>";
		};
		ADD262232735570F00D8C0AD /* ccdd */ = {
			isa = PBXGroup;
			children = (
				ADD262242735570F00D8C0AD /* AppDelegate.swift */,
				ADD262262735570F00D8C0AD /* SceneDelegate.swift */,
				AD393923273D87CF006A0CD5 /* Controller */,
				AD393924273D87E3006A0CD5 /* View */,
				AD393925273D87EE006A0CD5 /* Model */,
				AD393926273D87FB006A0CD5 /* Extensions */,
				AD393927273D880A006A0CD5 /* Resources */,
				ADD262322735571200D8C0AD /* Info.plist */,
			);
			path = ccdd;
			sourceTree = "<group>";
		};
		C96CC3CF593A2C7189F3D9E0 /* Pods */ = {
			isa = PBXGroup;
			children = (
				124897330E00C2E385C0D5D7 /* Pods-ccdd.debug.xcconfig */,
				D53F32141D84C55FEF4C5490 /* Pods-ccdd.release.xcconfig */,
			);
			path = Pods;
			sourceTree = "<group>";
		};
/* End PBXGroup section */

/* Begin PBXNativeTarget section */
		ADD262202735570E00D8C0AD /* ccdd */ = {
			isa = PBXNativeTarget;
			buildConfigurationList = ADD262352735571200D8C0AD /* Build configuration list for PBXNativeTarget "ccdd" */;
			buildPhases = (
				6B8420E68626E660C0609F73 /* [CP] Check Pods Manifest.lock */,
				ADD2621D2735570E00D8C0AD /* Sources */,
				ADD2621E2735570E00D8C0AD /* Frameworks */,
				ADD2621F2735570E00D8C0AD /* Resources */,
				050BECC1D516429657433C99 /* [CP] Embed Pods Frameworks */,
			);
			buildRules = (
			);
			dependencies = (
			);
			name = ccdd;
			productName = ccdd;
			productReference = ADD262212735570F00D8C0AD /* ccdd.app */;
			productType = "com.apple.product-type.application";
		};
/* End PBXNativeTarget section */

/* Begin PBXProject section */
		ADD262192735570E00D8C0AD /* Project object */ = {
			isa = PBXProject;
			attributes = {
				BuildIndependentTargetsInParallel = 1;
				LastSwiftUpdateCheck = 1300;
				LastUpgradeCheck = 1300;
				TargetAttributes = {
					ADD262202735570E00D8C0AD = {
						CreatedOnToolsVersion = 13.0;
					};
				};
			};
			buildConfigurationList = ADD2621C2735570E00D8C0AD /* Build configuration list for PBXProject "ccdd" */;
			compatibilityVersion = "Xcode 13.0";
			developmentRegion = en;
			hasScannedForEncodings = 0;
			knownRegions = (
				en,
				Base,
			);
			mainGroup = ADD262182735570E00D8C0AD;
			productRefGroup = ADD262222735570F00D8C0AD /* Products */;
			projectDirPath = "";
			projectRoot = "";
			targets = (
				ADD262202735570E00D8C0AD /* ccdd */,
			);
		};
/* End PBXProject section */

/* Begin PBXResourcesBuildPhase section */
		ADD2621F2735570E00D8C0AD /* Resources */ = {
			isa = PBXResourcesBuildPhase;
			buildActionMask = 2147483647;
			files = (
				ADD262312735571200D8C0AD /* LaunchScreen.storyboard in Resources */,
				ADD2622E2735571200D8C0AD /* Assets.xcassets in Resources */,
				ADD2622C2735570F00D8C0AD /* Main.storyboard in Resources */,
			);
			runOnlyForDeploymentPostprocessing = 0;
		};
/* End PBXResourcesBuildPhase section */

/* Begin PBXShellScriptBuildPhase section */
		050BECC1D516429657433C99 /* [CP] Embed Pods Frameworks */ = {
			isa = PBXShellScriptBuildPhase;
			buildActionMask = 2147483647;
			files = (
			);
			inputFileListPaths = (
				"${PODS_ROOT}/Target Support Files/Pods-ccdd/Pods-ccdd-frameworks-${CONFIGURATION}-input-files.xcfilelist",
			);
			name = "[CP] Embed Pods Frameworks";
			outputFileListPaths = (
				"${PODS_ROOT}/Target Support Files/Pods-ccdd/Pods-ccdd-frameworks-${CONFIGURATION}-output-files.xcfilelist",
			);
			runOnlyForDeploymentPostprocessing = 0;
			shellPath = /bin/sh;
			shellScript = "\"${PODS_ROOT}/Target Support Files/Pods-ccdd/Pods-ccdd-frameworks.sh\"\n";
			showEnvVarsInLog = 0;
		};
		6B8420E68626E660C0609F73 /* [CP] Check Pods Manifest.lock */ = {
			isa = PBXShellScriptBuildPhase;
			buildActionMask = 2147483647;
			files = (
			);
			inputFileListPaths = (
			);
			inputPaths = (
				"${PODS_PODFILE_DIR_PATH}/Podfile.lock",
				"${PODS_ROOT}/Manifest.lock",
			);
			name = "[CP] Check Pods Manifest.lock";
			outputFileListPaths = (
			);
			outputPaths = (
				"$(DERIVED_FILE_DIR)/Pods-ccdd-checkManifestLockResult.txt",
			);
			runOnlyForDeploymentPostprocessing = 0;
			shellPath = /bin/sh;
			shellScript = "diff \"${PODS_PODFILE_DIR_PATH}/Podfile.lock\" \"${PODS_ROOT}/Manifest.lock\" > /dev/null\nif [ $? != 0 ] ; then\n    # print error to STDERR\n    echo \"error: The sandbox is not in sync with the Podfile.lock. Run 'pod install' or update your CocoaPods installation.\" >&2\n    exit 1\nfi\n# This output is used by Xcode 'outputs' to avoid re-running this script phase.\necho \"SUCCESS\" > \"${SCRIPT_OUTPUT_FILE_0}\"\n";
			showEnvVarsInLog = 0;
		};
/* End PBXShellScriptBuildPhase section */

/* Begin PBXSourcesBuildPhase section */
		ADD2621D2735570E00D8C0AD /* Sources */ = {
			isa = PBXSourcesBuildPhase;
			buildActionMask = 2147483647;
			files = (
				ADB6AD2127358ECA002F1C25 /* ContactCell.swift in Sources */,
				AD39391E273AEB6B006A0CD5 /* SortCell.swift in Sources */,
				AD39391C273AE32F006A0CD5 /* SortController.swift in Sources */,
				ADB6AD1F27358863002F1C25 /* Contacts.swift in Sources */,
				ADB6AD23273592BB002F1C25 /* UIView+Layout.swift in Sources */,
				AD39392B273D8AB3006A0CD5 /* ProfileInfoCell.swift in Sources */,
				ADD262292735570F00D8C0AD /* ContactsController.swift in Sources */,
				AD393929273D88AE006A0CD5 /* ProfileController.swift in Sources */,
				ADD262252735570F00D8C0AD /* AppDelegate.swift in Sources */,
				ADD262272735570F00D8C0AD /* SceneDelegate.swift in Sources */,
				AD39392D273D90EE006A0CD5 /* DetailInfoCell.swift in Sources */,
				AD393920273AF021006A0CD5 /* SortedModel.swift in Sources */,
			);
			runOnlyForDeploymentPostprocessing = 0;
		};
/* End PBXSourcesBuildPhase section */

/* Begin PBXVariantGroup section */
		ADD2622A2735570F00D8C0AD /* Main.storyboard */ = {
			isa = PBXVariantGroup;
			children = (
				ADD2622B2735570F00D8C0AD /* Base */,
			);
			name = Main.storyboard;
			sourceTree = "<group>";
		};
		ADD2622F2735571200D8C0AD /* LaunchScreen.storyboard */ = {
			isa = PBXVariantGroup;
			children = (
				ADD262302735571200D8C0AD /* Base */,
			);
			name = LaunchScreen.storyboard;
			sourceTree = "<group>";
		};
/* End PBXVariantGroup section */

/* Begin XCBuildConfiguration section */
		ADD262332735571200D8C0AD /* Debug */ = {
			isa = XCBuildConfiguration;
			buildSettings = {
				ALWAYS_SEARCH_USER_PATHS = NO;
				CLANG_ANALYZER_NONNULL = YES;
				CLANG_ANALYZER_NUMBER_OBJECT_CONVERSION = YES_AGGRESSIVE;
				CLANG_CXX_LANGUAGE_STANDARD = "gnu++17";
				CLANG_CXX_LIBRARY = "libc++";
				CLANG_ENABLE_MODULES = YES;
				CLANG_ENABLE_OBJC_ARC = YES;
				CLANG_ENABLE_OBJC_WEAK = YES;
				CLANG_WARN_BLOCK_CAPTURE_AUTORELEASING = YES;
				CLANG_WARN_BOOL_CONVERSION = YES;
				CLANG_WARN_COMMA = YES;
				CLANG_WARN_CONSTANT_CONVERSION = YES;
				CLANG_WARN_DEPRECATED_OBJC_IMPLEMENTATIONS = YES;
				CLANG_WARN_DIRECT_OBJC_ISA_USAGE = YES_ERROR;
				CLANG_WARN_DOCUMENTATION_COMMENTS = YES;
				CLANG_WARN_EMPTY_BODY = YES;
				CLANG_WARN_ENUM_CONVERSION = YES;
				CLANG_WARN_INFINITE_RECURSION = YES;
				CLANG_WARN_INT_CONVERSION = YES;
				CLANG_WARN_NON_LITERAL_NULL_CONVERSION = YES;
				CLANG_WARN_OBJC_IMPLICIT_RETAIN_SELF = YES;
				CLANG_WARN_OBJC_LITERAL_CONVERSION = YES;
				CLANG_WARN_OBJC_ROOT_CLASS = YES_ERROR;
				CLANG_WARN_QUOTED_INCLUDE_IN_FRAMEWORK_HEADER = YES;
				CLANG_WARN_RANGE_LOOP_ANALYSIS = YES;
				CLANG_WARN_STRICT_PROTOTYPES = YES;
				CLANG_WARN_SUSPICIOUS_MOVE = YES;
				CLANG_WARN_UNGUARDED_AVAILABILITY = YES_AGGRESSIVE;
				CLANG_WARN_UNREACHABLE_CODE = YES;
				CLANG_WARN__DUPLICATE_METHOD_MATCH = YES;
				COPY_PHASE_STRIP = NO;
				DEBUG_INFORMATION_FORMAT = dwarf;
				ENABLE_STRICT_OBJC_MSGSEND = YES;
				ENABLE_TESTABILITY = YES;
				GCC_C_LANGUAGE_STANDARD = gnu11;
				GCC_DYNAMIC_NO_PIC = NO;
				GCC_NO_COMMON_BLOCKS = YES;
				GCC_OPTIMIZATION_LEVEL = 0;
				GCC_PREPROCESSOR_DEFINITIONS = (
					"DEBUG=1",
					"$(inherited)",
				);
				GCC_WARN_64_TO_32_BIT_CONVERSION = YES;
				GCC_WARN_ABOUT_RETURN_TYPE = YES_ERROR;
				GCC_WARN_UNDECLARED_SELECTOR = YES;
				GCC_WARN_UNINITIALIZED_AUTOS = YES_AGGRESSIVE;
				GCC_WARN_UNUSED_FUNCTION = YES;
				GCC_WARN_UNUSED_VARIABLE = YES;
				IPHONEOS_DEPLOYMENT_TARGET = 15.0;
				MTL_ENABLE_DEBUG_INFO = INCLUDE_SOURCE;
				MTL_FAST_MATH = YES;
				ONLY_ACTIVE_ARCH = YES;
				SDKROOT = iphoneos;
				SWIFT_ACTIVE_COMPILATION_CONDITIONS = DEBUG;
				SWIFT_OPTIMIZATION_LEVEL = "-Onone";
			};
			name = Debug;
		};
		ADD262342735571200D8C0AD /* Release */ = {
			isa = XCBuildConfiguration;
			buildSettings = {
				ALWAYS_SEARCH_USER_PATHS = NO;
				CLANG_ANALYZER_NONNULL = YES;
				CLANG_ANALYZER_NUMBER_OBJECT_CONVERSION = YES_AGGRESSIVE;
				CLANG_CXX_LANGUAGE_STANDARD = "gnu++17";
				CLANG_CXX_LIBRARY = "libc++";
				CLANG_ENABLE_MODULES = YES;
				CLANG_ENABLE_OBJC_ARC = YES;
				CLANG_ENABLE_OBJC_WEAK = YES;
				CLANG_WARN_BLOCK_CAPTURE_AUTORELEASING = YES;
				CLANG_WARN_BOOL_CONVERSION = YES;
				CLANG_WARN_COMMA = YES;
				CLANG_WARN_CONSTANT_CONVERSION = YES;
				CLANG_WARN_DEPRECATED_OBJC_IMPLEMENTATIONS = YES;
				CLANG_WARN_DIRECT_OBJC_ISA_USAGE = YES_ERROR;
				CLANG_WARN_DOCUMENTATION_COMMENTS = YES;
				CLANG_WARN_EMPTY_BODY = YES;
				CLANG_WARN_ENUM_CONVERSION = YES;
				CLANG_WARN_INFINITE_RECURSION = YES;
				CLANG_WARN_INT_CONVERSION = YES;
				CLANG_WARN_NON_LITERAL_NULL_CONVERSION = YES;
				CLANG_WARN_OBJC_IMPLICIT_RETAIN_SELF = YES;
				CLANG_WARN_OBJC_LITERAL_CONVERSION = YES;
				CLANG_WARN_OBJC_ROOT_CLASS = YES_ERROR;
				CLANG_WARN_QUOTED_INCLUDE_IN_FRAMEWORK_HEADER = YES;
				CLANG_WARN_RANGE_LOOP_ANALYSIS = YES;
				CLANG_WARN_STRICT_PROTOTYPES = YES;
				CLANG_WARN_SUSPICIOUS_MOVE = YES;
				CLANG_WARN_UNGUARDED_AVAILABILITY = YES_AGGRESSIVE;
				CLANG_WARN_UNREACHABLE_CODE = YES;
				CLANG_WARN__DUPLICATE_METHOD_MATCH = YES;
				COPY_PHASE_STRIP = NO;
				DEBUG_INFORMATION_FORMAT = "dwarf-with-dsym";
				ENABLE_NS_ASSERTIONS = NO;
				ENABLE_STRICT_OBJC_MSGSEND = YES;
				GCC_C_LANGUAGE_STANDARD = gnu11;
				GCC_NO_COMMON_BLOCKS = YES;
				GCC_WARN_64_TO_32_BIT_CONVERSION = YES;
				GCC_WARN_ABOUT_RETURN_TYPE = YES_ERROR;
				GCC_WARN_UNDECLARED_SELECTOR = YES;
				GCC_WARN_UNINITIALIZED_AUTOS = YES_AGGRESSIVE;
				GCC_WARN_UNUSED_FUNCTION = YES;
				GCC_WARN_UNUSED_VARIABLE = YES;
				IPHONEOS_DEPLOYMENT_TARGET = 15.0;
				MTL_ENABLE_DEBUG_INFO = NO;
				MTL_FAST_MATH = YES;
				SDKROOT = iphoneos;
				SWIFT_COMPILATION_MODE = wholemodule;
				SWIFT_OPTIMIZATION_LEVEL = "-O";
				VALIDATE_PRODUCT = YES;
			};
			name = Release;
		};
		ADD262362735571200D8C0AD /* Debug */ = {
			isa = XCBuildConfiguration;
			baseConfigurationReference = 124897330E00C2E385C0D5D7 /* Pods-ccdd.debug.xcconfig */;
			buildSettings = {
				ASSETCATALOG_COMPILER_APPICON_NAME = AppIcon;
				ASSETCATALOG_COMPILER_GLOBAL_ACCENT_COLOR_NAME = AccentColor;
				CODE_SIGN_STYLE = Automatic;
				CURRENT_PROJECT_VERSION = 1;
				DEVELOPMENT_TEAM = J4B53B6TAD;
				GENERATE_INFOPLIST_FILE = YES;
				INFOPLIST_FILE = ccdd/Info.plist;
				INFOPLIST_KEY_UIApplicationSupportsIndirectInputEvents = YES;
				INFOPLIST_KEY_UILaunchStoryboardName = LaunchScreen;
				INFOPLIST_KEY_UISupportedInterfaceOrientations_iPad = "UIInterfaceOrientationPortrait UIInterfaceOrientationPortraitUpsideDown UIInterfaceOrientationLandscapeLeft UIInterfaceOrientationLandscapeRight";
				INFOPLIST_KEY_UISupportedInterfaceOrientations_iPhone = "UIInterfaceOrientationPortrait UIInterfaceOrientationLandscapeLeft UIInterfaceOrientationLandscapeRight";
				LD_RUNPATH_SEARCH_PATHS = (
					"$(inherited)",
					"@executable_path/Frameworks",
				);
				MARKETING_VERSION = 1.0;
				PRODUCT_BUNDLE_IDENTIFIER = ru.zakirovweb.ccdd;
				PRODUCT_NAME = "$(TARGET_NAME)";
				SWIFT_EMIT_LOC_STRINGS = YES;
				SWIFT_VERSION = 5.0;
				TARGETED_DEVICE_FAMILY = "1,2";
			};
			name = Debug;
		};
		ADD262372735571200D8C0AD /* Release */ = {
			isa = XCBuildConfiguration;
			baseConfigurationReference = D53F32141D84C55FEF4C5490 /* Pods-ccdd.release.xcconfig */;
			buildSettings = {
				ASSETCATALOG_COMPILER_APPICON_NAME = AppIcon;
				ASSETCATALOG_COMPILER_GLOBAL_ACCENT_COLOR_NAME = AccentColor;
				CODE_SIGN_STYLE = Automatic;
				CURRENT_PROJECT_VERSION = 1;
				DEVELOPMENT_TEAM = J4B53B6TAD;
				GENERATE_INFOPLIST_FILE = YES;
				INFOPLIST_FILE = ccdd/Info.plist;
				INFOPLIST_KEY_UIApplicationSupportsIndirectInputEvents = YES;
				INFOPLIST_KEY_UILaunchStoryboardName = LaunchScreen;
				INFOPLIST_KEY_UISupportedInterfaceOrientations_iPad = "UIInterfaceOrientationPortrait UIInterfaceOrientationPortraitUpsideDown UIInterfaceOrientationLandscapeLeft UIInterfaceOrientationLandscapeRight";
				INFOPLIST_KEY_UISupportedInterfaceOrientations_iPhone = "UIInterfaceOrientationPortrait UIInterfaceOrientationLandscapeLeft UIInterfaceOrientationLandscapeRight";
				LD_RUNPATH_SEARCH_PATHS = (
					"$(inherited)",
					"@executable_path/Frameworks",
				);
				MARKETING_VERSION = 1.0;
				PRODUCT_BUNDLE_IDENTIFIER = ru.zakirovweb.ccdd;
				PRODUCT_NAME = "$(TARGET_NAME)";
				SWIFT_EMIT_LOC_STRINGS = YES;
				SWIFT_VERSION = 5.0;
				TARGETED_DEVICE_FAMILY = "1,2";
			};
			name = Release;
		};
/* End XCBuildConfiguration section */

/* Begin XCConfigurationList section */
		ADD2621C2735570E00D8C0AD /* Build configuration list for PBXProject "ccdd" */ = {
			isa = XCConfigurationList;
			buildConfigurations = (
				ADD262332735571200D8C0AD /* Debug */,
				ADD262342735571200D8C0AD /* Release */,
			);
			defaultConfigurationIsVisible = 0;
			defaultConfigurationName = Release;
		};
		ADD262352735571200D8C0AD /* Build configuration list for PBXNativeTarget "ccdd" */ = {
			isa = XCConfigurationList;
			buildConfigurations = (
				ADD262362735571200D8C0AD /* Debug */,
				ADD262372735571200D8C0AD /* Release */,
			);
			defaultConfigurationIsVisible = 0;
			defaultConfigurationName = Release;
		};
/* End XCConfigurationList section */
	};
	rootObject = ADD262192735570E00D8C0AD /* Project object */;
}
